
Microsoft Visual Studio Solution File, Format Version 12.00
# Visual Studio Version 17
VisualStudioVersion = 17.5.002.0
MinimumVisualStudioVersion = 10.0.40219.1
Project("{9A19103F-16F7-4668-BE54-9A1E7A4F7556}") = "BlazorApp", "BlazorApp.csproj", "{9AF36F45-7BFE-4713-A867-B3AEDC4486DC}"
EndProject
Global
	GlobalSection(SolutionConfigurationPlatforms) = preSolution
		Debug|Any CPU = Debug|Any CPU
		Release|Any CPU = Release|Any CPU
	EndGlobalSection
	GlobalSection(ProjectConfigurationPlatforms) = postSolution
		{9AF36F45-7BFE-4713-A867-B3AEDC4486DC}.Debug|Any CPU.ActiveCfg = Debug|Any CPU
		{9AF36F45-7BFE-4713-A867-B3AEDC4486DC}.Debug|Any CPU.Build.0 = Debug|Any CPU
		{9AF36F45-7BFE-4713-A867-B3AEDC4486DC}.Release|Any CPU.ActiveCfg = Release|Any CPU
		{9AF36F45-7BFE-4713-A867-B3AEDC4486DC}.Release|Any CPU.Build.0 = Release|Any CPU
	EndGlobalSection
	GlobalSection(SolutionProperties) = preSolution
		HideSolutionNode = FALSE
	EndGlobalSection
	GlobalSection(ExtensibilityGlobals) = postSolution
		SolutionGuid = {92874FA0-BE0D-4DE4-8AE1-2826124AA29F}
	EndGlobalSection
EndGlobal
