
Microsoft Visual Studio Solution File, Format Version 12.00
# Visual Studio Version 17
VisualStudioVersion = 17.6.33815.320
MinimumVisualStudioVersion = 10.0.40219.1
Project("{FAE04EC0-301F-11D3-BF4B-00C04F79EFBC}") = "FunctionApp1", "FunctionApp1.csproj", "{938A7A20-E3A8-41C5-8BCB-9F1556542D90}"
EndProject
Global
	GlobalSection(SolutionConfigurationPlatforms) = preSolution
		Debug|Any CPU = Debug|Any CPU
		Release|Any CPU = Release|Any CPU
	EndGlobalSection
	GlobalSection(ProjectConfigurationPlatforms) = postSolution
		{938A7A20-E3A8-41C5-8BCB-9F1556542D90}.Debug|Any CPU.ActiveCfg = Debug|Any CPU
		{938A7A20-E3A8-41C5-8BCB-9F1556542D90}.Debug|Any CPU.Build.0 = Debug|Any CPU
		{938A7A20-E3A8-41C5-8BCB-9F1556542D90}.Release|Any CPU.ActiveCfg = Release|Any CPU
		{938A7A20-E3A8-41C5-8BCB-9F1556542D90}.Release|Any CPU.Build.0 = Release|Any CPU
	EndGlobalSection
	GlobalSection(SolutionProperties) = preSolution
		HideSolutionNode = FALSE
	EndGlobalSection
	GlobalSection(ExtensibilityGlobals) = postSolution
		SolutionGuid = {774E8A50-3D17-4C90-9308-F9F0199728B0}
	EndGlobalSection
EndGlobal
