
Microsoft Visual Studio Solution File, Format Version 12.00
# Visual Studio Version 17
VisualStudioVersion = 17.5.33103.201
MinimumVisualStudioVersion = 10.0.40219.1
Project("{9A19103F-16F7-4668-BE54-9A1E7A4F7556}") = "MergeSortPractice", "MergeSortPractice.csproj", "{46A9E5D1-CF61-4245-BC38-19606AA00DC6}"
EndProject
Global
	GlobalSection(SolutionConfigurationPlatforms) = preSolution
		Debug|Any CPU = Debug|Any CPU
		Release|Any CPU = Release|Any CPU
	EndGlobalSection
	GlobalSection(ProjectConfigurationPlatforms) = postSolution
		{46A9E5D1-CF61-4245-BC38-19606AA00DC6}.Debug|Any CPU.ActiveCfg = Debug|Any CPU
		{46A9E5D1-CF61-4245-BC38-19606AA00DC6}.Debug|Any CPU.Build.0 = Debug|Any CPU
		{46A9E5D1-CF61-4245-BC38-19606AA00DC6}.Release|Any CPU.ActiveCfg = Release|Any CPU
		{46A9E5D1-CF61-4245-BC38-19606AA00DC6}.Release|Any CPU.Build.0 = Release|Any CPU
	EndGlobalSection
	GlobalSection(SolutionProperties) = preSolution
		HideSolutionNode = FALSE
	EndGlobalSection
	GlobalSection(ExtensibilityGlobals) = postSolution
		SolutionGuid = {42E7A745-80D8-4F59-970F-78D3FF91942A}
	EndGlobalSection
EndGlobal
